
Microsoft Visual Studio Solution File, Format Version 12.00
# Visual Studio Version 17
VisualStudioVersion = 17.0.31903.59
MinimumVisualStudioVersion = 10.0.40219.1
Project("{FAE04EC0-301F-11D3-BF4B-00C04F79EFBC}") = "ValuesAndReferences", "ValuesAndReferences\ValuesAndReferences.csproj", "{3CD9538D-B6A3-4BB7-870E-E8970FABA9BE}"
EndProject
Project("{FAE04EC0-301F-11D3-BF4B-00C04F79EFBC}") = "Tempo", "Tempo\Tempo.csproj", "{452E1DB7-795B-461B-A061-3D856D69AFEA}"
EndProject
Global
	GlobalSection(SolutionConfigurationPlatforms) = preSolution
		Debug|Any CPU = Debug|Any CPU
		Release|Any CPU = Release|Any CPU
	EndGlobalSection
	GlobalSection(SolutionProperties) = preSolution
		HideSolutionNode = FALSE
	EndGlobalSection
	GlobalSection(ProjectConfigurationPlatforms) = postSolution
		{3CD9538D-B6A3-4BB7-870E-E8970FABA9BE}.Debug|Any CPU.ActiveCfg = Debug|Any CPU
		{3CD9538D-B6A3-4BB7-870E-E8970FABA9BE}.Debug|Any CPU.Build.0 = Debug|Any CPU
		{3CD9538D-B6A3-4BB7-870E-E8970FABA9BE}.Release|Any CPU.ActiveCfg = Release|Any CPU
		{3CD9538D-B6A3-4BB7-870E-E8970FABA9BE}.Release|Any CPU.Build.0 = Release|Any CPU
		{452E1DB7-795B-461B-A061-3D856D69AFEA}.Debug|Any CPU.ActiveCfg = Debug|Any CPU
		{452E1DB7-795B-461B-A061-3D856D69AFEA}.Debug|Any CPU.Build.0 = Debug|Any CPU
		{452E1DB7-795B-461B-A061-3D856D69AFEA}.Release|Any CPU.ActiveCfg = Release|Any CPU
		{452E1DB7-795B-461B-A061-3D856D69AFEA}.Release|Any CPU.Build.0 = Release|Any CPU
	EndGlobalSection
EndGlobal
